
Microsoft Visual Studio Solution File, Format Version 12.00
# Visual Studio Version 17
VisualStudioVersion = 17.14.36518.9 d17.14
MinimumVisualStudioVersion = 10.0.40219.1
Project("{FAE04EC0-301F-11D3-BF4B-00C04F79EFBC}") = "ProjectTuan3", "ProjectTuan3\ProjectTuan3.csproj", "{FE098AC5-C710-47E8-8F97-B7C291BB8551}"
EndProject
Global
	GlobalSection(SolutionConfigurationPlatforms) = preSolution
		Debug|Any CPU = Debug|Any CPU
		Release|Any CPU = Release|Any CPU
	EndGlobalSection
	GlobalSection(ProjectConfigurationPlatforms) = postSolution
		{FE098AC5-C710-47E8-8F97-B7C291BB8551}.Debug|Any CPU.ActiveCfg = Debug|Any CPU
		{FE098AC5-C710-47E8-8F97-B7C291BB8551}.Debug|Any CPU.Build.0 = Debug|Any CPU
		{FE098AC5-C710-47E8-8F97-B7C291BB8551}.Release|Any CPU.ActiveCfg = Release|Any CPU
		{FE098AC5-C710-47E8-8F97-B7C291BB8551}.Release|Any CPU.Build.0 = Release|Any CPU
	EndGlobalSection
	GlobalSection(SolutionProperties) = preSolution
		HideSolutionNode = FALSE
	EndGlobalSection
	GlobalSection(ExtensibilityGlobals) = postSolution
		SolutionGuid = {6809E942-7721-4173-8C70-9560A3B97AE0}
	EndGlobalSection
EndGlobal
